{
  "name": "vvsar",
  "version": "1.0.0",
  "lockfileVersion": 1,
  "requires": true,
  "dependencies": {
    "http.request": {
      "version": "0.1.7",
      "resolved": "https://registry.npmjs.org/http.request/-/http.request-0.1.7.tgz",
      "integrity": "sha512-e/ik+ad4OTPdV1pRhqLa6L+4vrq2Zd0WnoiIB/7CRCQRu1NGRdntoBqABbMOaPAmhY1nTB957MvBBRq7vihNQA==",
      "requires": {
        "iofs": "1.0.3"
      }
    },
    "inherits": {
      "version": "2.0.1",
      "resolved": "https://registry.npmjs.org/inherits/-/inherits-2.0.1.tgz",
      "integrity": "sha1-sX0I0ya0Qj5Wjv9xn5GwscvfafE="
    },
    "iofs": {
      "version": "1.0.3",
      "resolved": "https://registry.npmjs.org/iofs/-/iofs-1.0.3.tgz",
      "integrity": "sha512-C72aLYb+g/52VzPe3gAVKWUbdWf937m0BrM6rU90D4j0bYLZKtjjLTMfXv0wzqvwmRa3D8tIYlDSJBLyCSjMrw=="
    },
    "sax": {
      "version": "1.2.4",
      "resolved": "https://registry.npmjs.org/sax/-/sax-1.2.4.tgz",
      "integrity": "sha512-NqVDv9TpANUjFm0N8uM5GxL36UgKi9/atZw+x7YFnQ8ckwFGKrl4xX4yWtrey3UJm5nP1kUbnYgLopqWNSRhWw=="
    },
    "util": {
      "version": "0.10.3",
      "resolved": "https://registry.npmjs.org/util/-/util-0.10.3.tgz",
      "integrity": "sha1-evsa/lCAUkZInj23/g7TeTNqwPk=",
      "requires": {
        "inherits": "2.0.1"
      }
    },
    "xml2js": {
      "version": "0.4.19",
      "resolved": "https://registry.npmjs.org/xml2js/-/xml2js-0.4.19.tgz",
      "integrity": "sha512-esZnJZJOiJR9wWKMyuvSE1y6Dq5LCuJanqhxslH2bxM6duahNZ+HMpCLhBQGZkbX6xRf8x1Y2eJlgt2q3qo49Q==",
      "requires": {
        "sax": "1.2.4",
        "xmlbuilder": "9.0.7"
      }
    },
    "xmlbuilder": {
      "version": "9.0.7",
      "resolved": "https://registry.npmjs.org/xmlbuilder/-/xmlbuilder-9.0.7.tgz",
      "integrity": "sha1-Ey7mPS7FVlxVfiD0wi35rKaGsQ0="
    }
  }
}
