{
  "name": "vvsar",
  "version": "1.0.0",
  "lockfileVersion": 1,
  "requires": true,
  "dependencies": {
    "http.request": {
      "version": "0.1.7",
      "resolved": "https://registry.npmjs.org/http.request/-/http.request-0.1.7.tgz",
      "integrity": "sha512-e/ik+ad4OTPdV1pRhqLa6L+4vrq2Zd0WnoiIB/7CRCQRu1NGRdntoBqABbMOaPAmhY1nTB957MvBBRq7vihNQA==",
      "requires": {
        "iofs": "1.0.3"
      }
    },
    "iofs": {
      "version": "1.0.3",
      "resolved": "https://registry.npmjs.org/iofs/-/iofs-1.0.3.tgz",
      "integrity": "sha512-C72aLYb+g/52VzPe3gAVKWUbdWf937m0BrM6rU90D4j0bYLZKtjjLTMfXv0wzqvwmRa3D8tIYlDSJBLyCSjMrw=="
    }
  }
}
